{
  "name": "PS7",
  "lockfileVersion": 2,
  "requires": true,
  "packages": {
    "": {
      "dependencies": {
        "common": "^0.2.5",
        "common-js": "^0.3.8",
        "jquery": "^3.6.0",
        "jquery-ui": "^1.13.0",
        "jquery-validation": "^1.19.5",
        "jquery1.7.2": "^2.0.0",
        "jquery2.0.0": "^2.0.0",
        "menu": "^0.2.5",
        "mobile-menu": "^4.0.0"
      }
    },
    "node_modules/clivas": {
      "version": "0.2.0",
      "resolved": "https://registry.npmjs.org/clivas/-/clivas-0.2.0.tgz",
      "integrity": "sha1-uNGRiLMkPjkPMCQQvQyxYi24Jkk="
    },
    "node_modules/common": {
      "version": "0.2.5",
      "resolved": "https://registry.npmjs.org/common/-/common-0.2.5.tgz",
      "integrity": "sha1-PHGC9ni9HjaBzVzDSMdZ/o3SI5Q="
    },
    "node_modules/common-js": {
      "version": "0.3.8",
      "resolved": "https://registry.npmjs.org/common-js/-/common-js-0.3.8.tgz",
      "integrity": "sha1-9DKJGLS6N2+YGtM6Gx+7ZhQSbss="
    },
    "node_modules/jquery": {
      "version": "3.6.0",
      "resolved": "https://registry.npmjs.org/jquery/-/jquery-3.6.0.tgz",
      "integrity": "sha512-JVzAR/AjBvVt2BmYhxRCSYysDsPcssdmTFnzyLEts9qNwmjmu4JTAMYubEfwVOSwpQ1I1sKKFcxhZCI2buerfw=="
    },
    "node_modules/jquery-ui": {
      "version": "1.13.0",
      "resolved": "https://registry.npmjs.org/jquery-ui/-/jquery-ui-1.13.0.tgz",
      "integrity": "sha512-Osf7ECXNTYHtKBkn9xzbIf9kifNrBhfywFEKxOeB/OVctVmLlouV9mfc2qXCp6uyO4Pn72PXKOnj09qXetopCw==",
      "dependencies": {
        "jquery": ">=1.8.0 <4.0.0"
      }
    },
    "node_modules/jquery-validation": {
      "version": "1.19.5",
      "resolved": "https://registry.npmjs.org/jquery-validation/-/jquery-validation-1.19.5.tgz",
      "integrity": "sha512-X2SmnPq1mRiDecVYL8edWx+yTBZDyC8ohWXFhXdtqFHgU9Wd4KHkvcbCoIZ0JaSaumzS8s2gXSkP8F7ivg/8ZQ==",
      "peerDependencies": {
        "jquery": "^1.7 || ^2.0 || ^3.1"
      }
    },
    "node_modules/jquery1.7.2": {
      "version": "2.0.0",
      "resolved": "https://registry.npmjs.org/jquery1.7.2/-/jquery1.7.2-2.0.0.tgz",
      "integrity": "sha512-iYcMuOmiCfGmrlJcLBtISorKPUjBi7ByylE+KNfLZVz+9NtsxLt6j7HGpQMNZif/N9L7OMJ+35xSKdcsT1C+lw=="
    },
    "node_modules/jquery2.0.0": {
      "version": "2.0.0",
      "resolved": "https://registry.npmjs.org/jquery2.0.0/-/jquery2.0.0-2.0.0.tgz",
      "integrity": "sha512-6hLoKEDm7+cOXFzCE37f5OIi4Xt+/7FKLCpXgSA3/JxFZEGqIYVHyyhZIx5l++8Qa6Z5MVFNOIuYZaqylfQPtw=="
    },
    "node_modules/keypress": {
      "version": "0.2.1",
      "resolved": "https://registry.npmjs.org/keypress/-/keypress-0.2.1.tgz",
      "integrity": "sha1-HoBFQlABjbrUw/6USX1uZ7YmnHc="
    },
    "node_modules/menu": {
      "version": "0.2.5",
      "resolved": "https://registry.npmjs.org/menu/-/menu-0.2.5.tgz",
      "integrity": "sha1-VXKX4jXBAtYqNmuFXBzF/RE3HCE=",
      "dependencies": {
        "clivas": "*",
        "keypress": "*"
      },
      "bin": {
        "menu": "example.js"
      }
    },
    "node_modules/mobile-menu": {
      "version": "4.0.0",
      "resolved": "https://registry.npmjs.org/mobile-menu/-/mobile-menu-4.0.0.tgz",
      "integrity": "sha512-dGNMSfQk078OZKZbOVK2DJm9Bk8q6n3vt8opn8ZBb0eHhbN30Gl+4isoCAW/jXZfP6a7U6DAeG8y84sMn/jrcg=="
    }
  },
  "dependencies": {
    "clivas": {
      "version": "0.2.0",
      "resolved": "https://registry.npmjs.org/clivas/-/clivas-0.2.0.tgz",
      "integrity": "sha1-uNGRiLMkPjkPMCQQvQyxYi24Jkk="
    },
    "common": {
      "version": "0.2.5",
      "resolved": "https://registry.npmjs.org/common/-/common-0.2.5.tgz",
      "integrity": "sha1-PHGC9ni9HjaBzVzDSMdZ/o3SI5Q="
    },
    "common-js": {
      "version": "0.3.8",
      "resolved": "https://registry.npmjs.org/common-js/-/common-js-0.3.8.tgz",
      "integrity": "sha1-9DKJGLS6N2+YGtM6Gx+7ZhQSbss="
    },
    "jquery": {
      "version": "3.6.0",
      "resolved": "https://registry.npmjs.org/jquery/-/jquery-3.6.0.tgz",
      "integrity": "sha512-JVzAR/AjBvVt2BmYhxRCSYysDsPcssdmTFnzyLEts9qNwmjmu4JTAMYubEfwVOSwpQ1I1sKKFcxhZCI2buerfw=="
    },
    "jquery-ui": {
      "version": "1.13.0",
      "resolved": "https://registry.npmjs.org/jquery-ui/-/jquery-ui-1.13.0.tgz",
      "integrity": "sha512-Osf7ECXNTYHtKBkn9xzbIf9kifNrBhfywFEKxOeB/OVctVmLlouV9mfc2qXCp6uyO4Pn72PXKOnj09qXetopCw==",
      "requires": {
        "jquery": ">=1.8.0 <4.0.0"
      }
    },
    "jquery-validation": {
      "version": "1.19.5",
      "resolved": "https://registry.npmjs.org/jquery-validation/-/jquery-validation-1.19.5.tgz",
      "integrity": "sha512-X2SmnPq1mRiDecVYL8edWx+yTBZDyC8ohWXFhXdtqFHgU9Wd4KHkvcbCoIZ0JaSaumzS8s2gXSkP8F7ivg/8ZQ==",
      "requires": {}
    },
    "jquery1.7.2": {
      "version": "2.0.0",
      "resolved": "https://registry.npmjs.org/jquery1.7.2/-/jquery1.7.2-2.0.0.tgz",
      "integrity": "sha512-iYcMuOmiCfGmrlJcLBtISorKPUjBi7ByylE+KNfLZVz+9NtsxLt6j7HGpQMNZif/N9L7OMJ+35xSKdcsT1C+lw=="
    },
    "jquery2.0.0": {
      "version": "2.0.0",
      "resolved": "https://registry.npmjs.org/jquery2.0.0/-/jquery2.0.0-2.0.0.tgz",
      "integrity": "sha512-6hLoKEDm7+cOXFzCE37f5OIi4Xt+/7FKLCpXgSA3/JxFZEGqIYVHyyhZIx5l++8Qa6Z5MVFNOIuYZaqylfQPtw=="
    },
    "keypress": {
      "version": "0.2.1",
      "resolved": "https://registry.npmjs.org/keypress/-/keypress-0.2.1.tgz",
      "integrity": "sha1-HoBFQlABjbrUw/6USX1uZ7YmnHc="
    },
    "menu": {
      "version": "0.2.5",
      "resolved": "https://registry.npmjs.org/menu/-/menu-0.2.5.tgz",
      "integrity": "sha1-VXKX4jXBAtYqNmuFXBzF/RE3HCE=",
      "requires": {
        "clivas": "*",
        "keypress": "*"
      }
    },
    "mobile-menu": {
      "version": "4.0.0",
      "resolved": "https://registry.npmjs.org/mobile-menu/-/mobile-menu-4.0.0.tgz",
      "integrity": "sha512-dGNMSfQk078OZKZbOVK2DJm9Bk8q6n3vt8opn8ZBb0eHhbN30Gl+4isoCAW/jXZfP6a7U6DAeG8y84sMn/jrcg=="
    }
  }
}
